# This file is automatically @generated by Wally.
# It is not intended for manual editing.
registry = "test"

[[package]]
name = "andrea/main"
version = "0.1.0"
dependencies = [["BridgeNet2", "ffrostflame/bridgenet2@0.5.5"], ["fusion", "elttob/fusion@0.3.0"], ["janitor", "howmanysmall/janitor@1.15.6"], ["signal", "sleitnick/signal@1.5.0"], ["suphisdatastoremodule", "skylord-103/suphisdatastoremodule@1.0.0"], ["trove", "sleitnick/trove@1.0.1"], ["ui-labs", "pepeeltoro41/ui-labs@2.4.0"], ["uiparticle", "kumarion/uiparticle@0.0.1"]]

[[package]]
name = "elttob/fusion"
version = "0.3.0"
dependencies = []

[[package]]
name = "evaera/promise"
version = "4.0.0"
dependencies = []

[[package]]
name = "ffrostflame/bridgenet2"
version = "0.5.5"
dependencies = [["RemotePacketSizeCounter", "pysephwasntavailable/remotepacketsizecounter@2.3.1"], ["TableKit", "ffrostflame/tablekit@0.2.4"]]

[[package]]
name = "ffrostflame/tablekit"
version = "0.2.4"
dependencies = []

[[package]]
name = "howmanysmall/janitor"
version = "1.15.6"
dependencies = [["Promise", "evaera/promise@4.0.0"]]

[[package]]
name = "kumarion/uiparticle"
version = "0.0.1"
dependencies = []

[[package]]
name = "pepeeltoro41/ui-labs"
version = "2.4.0"
dependencies = []

[[package]]
name = "pysephwasntavailable/remotepacketsizecounter"
version = "2.3.1"
dependencies = []

[[package]]
name = "skylord-103/suphisdatastoremodule"
version = "1.0.0"
dependencies = []

[[package]]
name = "sleitnick/signal"
version = "1.5.0"
dependencies = []

[[package]]
name = "sleitnick/trove"
version = "1.0.1"
dependencies = []
